
Microsoft Visual Studio Solution File, Format Version 12.00
# Visual Studio Version 16
VisualStudioVersion = 16.0.0.0
MinimumVisualStudioVersion = 16.0.0.0
Project("{9A19103F-16F7-4668-BE54-9A1E7A4F7556}") = "StrideDataAssetExample.Windows", "StrideDataAssetExample.Windows\StrideDataAssetExample.Windows.csproj", "{05E208D5-4071-45A4-961A-7DB94FB2460A}"
EndProject
Project("{9A19103F-16F7-4668-BE54-9A1E7A4F7556}") = "StrideDataAssetExample", "StrideDataAssetExample\StrideDataAssetExample.csproj", "{7E9C3AF5-3D7D-4504-85E6-4B32CDB1A635}"
EndProject
Global
	GlobalSection(SolutionConfigurationPlatforms) = preSolution
		Debug|Any CPU = Debug|Any CPU
		Release|Any CPU = Release|Any CPU
	EndGlobalSection
	GlobalSection(ProjectConfigurationPlatforms) = postSolution
		{05E208D5-4071-45A4-961A-7DB94FB2460A}.Debug|Any CPU.ActiveCfg = Debug|Any CPU
		{05E208D5-4071-45A4-961A-7DB94FB2460A}.Debug|Any CPU.Build.0 = Debug|Any CPU
		{05E208D5-4071-45A4-961A-7DB94FB2460A}.Release|Any CPU.ActiveCfg = Release|Any CPU
		{05E208D5-4071-45A4-961A-7DB94FB2460A}.Release|Any CPU.Build.0 = Release|Any CPU
		{7E9C3AF5-3D7D-4504-85E6-4B32CDB1A635}.Debug|Any CPU.ActiveCfg = Debug|Any CPU
		{7E9C3AF5-3D7D-4504-85E6-4B32CDB1A635}.Debug|Any CPU.Build.0 = Debug|Any CPU
		{7E9C3AF5-3D7D-4504-85E6-4B32CDB1A635}.Release|Any CPU.ActiveCfg = Release|Any CPU
		{7E9C3AF5-3D7D-4504-85E6-4B32CDB1A635}.Release|Any CPU.Build.0 = Release|Any CPU
	EndGlobalSection
	GlobalSection(SolutionProperties) = preSolution
		HideSolutionNode = FALSE
	EndGlobalSection
	GlobalSection(ExtensibilityGlobals) = postSolution
		SolutionGuid = {C0603719-3F70-430E-9C81-7AF91EC37A95}
	EndGlobalSection
EndGlobal
